# THIS IS AN AUTOGENERATED FILE. DO NOT EDIT THIS FILE DIRECTLY.
# yarn lockfile v1


nan@^2.14.2:
  version "2.14.2"
  resolved "https://registry.npm.taobao.org/nan/download/nan-2.14.2.tgz#f5376400695168f4cc694ac9393d0c9585eeea19"
  integrity sha1-9TdkAGlRaPTMaUrJOT0MlYXu6hk=

tree-sitter-cli@^0.19.4:
  version "0.19.4"
  resolved "https://registry.npm.taobao.org/tree-sitter-cli/download/tree-sitter-cli-0.19.4.tgz#99b03f9de1bb225dbe898fe83b5a30478c838123"
  integrity sha1-mbA/neG7Il2+iY/oO1owR4yDgSM=
